
Microsoft Visual Studio Solution File, Format Version 12.00
# Visual Studio Version 17
VisualStudioVersion = 17.5.33516.290
MinimumVisualStudioVersion = 10.0.40219.1
Project("{FAE04EC0-301F-11D3-BF4B-00C04F79EFBC}") = "SignalR.API", "SignalR.API\SignalR.API.csproj", "{A9AF4B6A-BDD7-40FA-9AC0-EBAB7F682D1E}"
EndProject
Global
	GlobalSection(SolutionConfigurationPlatforms) = preSolution
		Debug|Any CPU = Debug|Any CPU
		Release|Any CPU = Release|Any CPU
	EndGlobalSection
	GlobalSection(ProjectConfigurationPlatforms) = postSolution
		{A9AF4B6A-BDD7-40FA-9AC0-EBAB7F682D1E}.Debug|Any CPU.ActiveCfg = Debug|Any CPU
		{A9AF4B6A-BDD7-40FA-9AC0-EBAB7F682D1E}.Debug|Any CPU.Build.0 = Debug|Any CPU
		{A9AF4B6A-BDD7-40FA-9AC0-EBAB7F682D1E}.Release|Any CPU.ActiveCfg = Release|Any CPU
		{A9AF4B6A-BDD7-40FA-9AC0-EBAB7F682D1E}.Release|Any CPU.Build.0 = Release|Any CPU
	EndGlobalSection
	GlobalSection(SolutionProperties) = preSolution
		HideSolutionNode = FALSE
	EndGlobalSection
	GlobalSection(ExtensibilityGlobals) = postSolution
		SolutionGuid = {41E17770-105C-434E-97E2-0E619C670F30}
	EndGlobalSection
EndGlobal
